
Microsoft Visual Studio Solution File, Format Version 12.00
# Visual Studio 15
Project("{FAE04EC0-301F-11D3-BF4B-00C04F79EFBC}") = "NavMeshComponents", "NavMeshComponents.csproj", "{E567E3C9-4BD6-9389-11DE-3E94840DA874}"
EndProject
Project("{FAE04EC0-301F-11D3-BF4B-00C04F79EFBC}") = "Assembly-CSharp", "Assembly-CSharp.csproj", "{192AAF63-E463-BEE1-62AF-B168FC367D8D}"
EndProject
Project("{FAE04EC0-301F-11D3-BF4B-00C04F79EFBC}") = "NavMeshComponentsEditor", "NavMeshComponentsEditor.csproj", "{B89FDA69-15F9-BB89-F2F4-CFE21522F399}"
EndProject
Global
	GlobalSection(SolutionConfigurationPlatforms) = preSolution
		Debug|Any CPU = Debug|Any CPU
		Release|Any CPU = Release|Any CPU
	EndGlobalSection
	GlobalSection(ProjectConfigurationPlatforms) = postSolution
		{E567E3C9-4BD6-9389-11DE-3E94840DA874}.Debug|Any CPU.ActiveCfg = Debug|Any CPU
		{E567E3C9-4BD6-9389-11DE-3E94840DA874}.Debug|Any CPU.Build.0 = Debug|Any CPU
		{E567E3C9-4BD6-9389-11DE-3E94840DA874}.Release|Any CPU.ActiveCfg = Release|Any CPU
		{E567E3C9-4BD6-9389-11DE-3E94840DA874}.Release|Any CPU.Build.0 = Release|Any CPU
		{192AAF63-E463-BEE1-62AF-B168FC367D8D}.Debug|Any CPU.ActiveCfg = Debug|Any CPU
		{192AAF63-E463-BEE1-62AF-B168FC367D8D}.Debug|Any CPU.Build.0 = Debug|Any CPU
		{192AAF63-E463-BEE1-62AF-B168FC367D8D}.Release|Any CPU.ActiveCfg = Release|Any CPU
		{192AAF63-E463-BEE1-62AF-B168FC367D8D}.Release|Any CPU.Build.0 = Release|Any CPU
		{B89FDA69-15F9-BB89-F2F4-CFE21522F399}.Debug|Any CPU.ActiveCfg = Debug|Any CPU
		{B89FDA69-15F9-BB89-F2F4-CFE21522F399}.Debug|Any CPU.Build.0 = Debug|Any CPU
		{B89FDA69-15F9-BB89-F2F4-CFE21522F399}.Release|Any CPU.ActiveCfg = Release|Any CPU
		{B89FDA69-15F9-BB89-F2F4-CFE21522F399}.Release|Any CPU.Build.0 = Release|Any CPU
	EndGlobalSection
	GlobalSection(SolutionProperties) = preSolution
		HideSolutionNode = FALSE
	EndGlobalSection
EndGlobal
